
Microsoft Visual Studio Solution File, Format Version 12.00
# Visual Studio 15
VisualStudioVersion = 15.0.28307.572
MinimumVisualStudioVersion = 10.0.40219.1
Project("{FAE04EC0-301F-11D3-BF4B-00C04F79EFBC}") = "DataBase", "DataBase\DataBase.csproj", "{FC459C20-3304-4425-9C6E-64B06C3ED88C}"
EndProject
Global
	GlobalSection(SolutionConfigurationPlatforms) = preSolution
		Debug|Any CPU = Debug|Any CPU
		Release|Any CPU = Release|Any CPU
	EndGlobalSection
	GlobalSection(ProjectConfigurationPlatforms) = postSolution
		{FC459C20-3304-4425-9C6E-64B06C3ED88C}.Debug|Any CPU.ActiveCfg = Debug|Any CPU
		{FC459C20-3304-4425-9C6E-64B06C3ED88C}.Debug|Any CPU.Build.0 = Debug|Any CPU
		{FC459C20-3304-4425-9C6E-64B06C3ED88C}.Release|Any CPU.ActiveCfg = Release|Any CPU
		{FC459C20-3304-4425-9C6E-64B06C3ED88C}.Release|Any CPU.Build.0 = Release|Any CPU
	EndGlobalSection
	GlobalSection(SolutionProperties) = preSolution
		HideSolutionNode = FALSE
	EndGlobalSection
	GlobalSection(ExtensibilityGlobals) = postSolution
		SolutionGuid = {8150FB15-E70B-43F2-8C1D-9CEB220D8A17}
	EndGlobalSection
EndGlobal
