
Microsoft Visual Studio Solution File, Format Version 12.00
# Visual Studio Version 16
VisualStudioVersion = 16.0.30011.22
MinimumVisualStudioVersion = 10.0.40219.1
Project("{FAE04EC0-301F-11D3-BF4B-00C04F79EFBC}") = "EazyChatWcf", "EazyChatWcf\EazyChatWcf.csproj", "{D1704DBE-E8F5-4D32-A910-229B7AD72565}"
EndProject
Global
	GlobalSection(SolutionConfigurationPlatforms) = preSolution
		Debug|Any CPU = Debug|Any CPU
		Release|Any CPU = Release|Any CPU
	EndGlobalSection
	GlobalSection(ProjectConfigurationPlatforms) = postSolution
		{D1704DBE-E8F5-4D32-A910-229B7AD72565}.Debug|Any CPU.ActiveCfg = Debug|Any CPU
		{D1704DBE-E8F5-4D32-A910-229B7AD72565}.Debug|Any CPU.Build.0 = Debug|Any CPU
		{D1704DBE-E8F5-4D32-A910-229B7AD72565}.Release|Any CPU.ActiveCfg = Release|Any CPU
		{D1704DBE-E8F5-4D32-A910-229B7AD72565}.Release|Any CPU.Build.0 = Release|Any CPU
	EndGlobalSection
	GlobalSection(SolutionProperties) = preSolution
		HideSolutionNode = FALSE
	EndGlobalSection
	GlobalSection(ExtensibilityGlobals) = postSolution
		SolutionGuid = {CE3B7541-C1FF-4913-8B3C-5FADA0D2893F}
	EndGlobalSection
EndGlobal
